
Microsoft Visual Studio Solution File, Format Version 12.00
# Visual Studio Version 16
VisualStudioVersion = 16.0.29424.173
MinimumVisualStudioVersion = 10.0.40219.1
Project("{9A19103F-16F7-4668-BE54-9A1E7A4F7556}") = "Serilog.Extensions.Provider", "Serilog.Extensions.Provider\Serilog.Extensions.Provider.csproj", "{FEA44C7C-C3A9-4D1A-BBF4-8970223D0ED3}"
EndProject
Project("{9A19103F-16F7-4668-BE54-9A1E7A4F7556}") = "Sample", "Sample\Sample.csproj", "{0A334CCB-AE50-487B-962C-D704BD10C873}"
EndProject
Project("{FAE04EC0-301F-11D3-BF4B-00C04F79EFBC}") = "StaticLogger", "StaticLogger\StaticLogger.csproj", "{ED8D80E5-6F1F-47AD-99DF-7ED79F9BBB77}"
EndProject
Global
	GlobalSection(SolutionConfigurationPlatforms) = preSolution
		Debug|Any CPU = Debug|Any CPU
		Release|Any CPU = Release|Any CPU
	EndGlobalSection
	GlobalSection(ProjectConfigurationPlatforms) = postSolution
		{FEA44C7C-C3A9-4D1A-BBF4-8970223D0ED3}.Debug|Any CPU.ActiveCfg = Debug|Any CPU
		{FEA44C7C-C3A9-4D1A-BBF4-8970223D0ED3}.Debug|Any CPU.Build.0 = Debug|Any CPU
		{FEA44C7C-C3A9-4D1A-BBF4-8970223D0ED3}.Release|Any CPU.ActiveCfg = Release|Any CPU
		{FEA44C7C-C3A9-4D1A-BBF4-8970223D0ED3}.Release|Any CPU.Build.0 = Release|Any CPU
		{0A334CCB-AE50-487B-962C-D704BD10C873}.Debug|Any CPU.ActiveCfg = Debug|Any CPU
		{0A334CCB-AE50-487B-962C-D704BD10C873}.Debug|Any CPU.Build.0 = Debug|Any CPU
		{0A334CCB-AE50-487B-962C-D704BD10C873}.Release|Any CPU.ActiveCfg = Release|Any CPU
		{0A334CCB-AE50-487B-962C-D704BD10C873}.Release|Any CPU.Build.0 = Release|Any CPU
		{ED8D80E5-6F1F-47AD-99DF-7ED79F9BBB77}.Debug|Any CPU.ActiveCfg = Debug|Any CPU
		{ED8D80E5-6F1F-47AD-99DF-7ED79F9BBB77}.Debug|Any CPU.Build.0 = Debug|Any CPU
		{ED8D80E5-6F1F-47AD-99DF-7ED79F9BBB77}.Release|Any CPU.ActiveCfg = Release|Any CPU
		{ED8D80E5-6F1F-47AD-99DF-7ED79F9BBB77}.Release|Any CPU.Build.0 = Release|Any CPU
	EndGlobalSection
	GlobalSection(SolutionProperties) = preSolution
		HideSolutionNode = FALSE
	EndGlobalSection
	GlobalSection(ExtensibilityGlobals) = postSolution
		SolutionGuid = {F47F34F3-3777-4C34-9433-1B684C6E7755}
	EndGlobalSection
EndGlobal
